
Microsoft Visual Studio Solution File, Format Version 12.00
# Visual Studio Version 17
VisualStudioVersion = 17.3.32825.248
MinimumVisualStudioVersion = 10.0.40219.1
Project("{8BC9CEB8-8B4A-11D0-8D11-00A0C91BC942}") = "XAIModel", "XAIModel.vcxproj", "{9F8C23AF-873E-4EC0-9F17-FE7B67EDBECD}"
EndProject
Global
	GlobalSection(SolutionConfigurationPlatforms) = preSolution
		Debug|x64 = Debug|x64
		Release|x64 = Release|x64
	EndGlobalSection
	GlobalSection(ProjectConfigurationPlatforms) = postSolution
		{9F8C23AF-873E-4EC0-9F17-FE7B67EDBECD}.Debug|x64.ActiveCfg = Debug|x64
		{9F8C23AF-873E-4EC0-9F17-FE7B67EDBECD}.Debug|x64.Build.0 = Debug|x64
		{9F8C23AF-873E-4EC0-9F17-FE7B67EDBECD}.Release|x64.ActiveCfg = Release|x64
		{9F8C23AF-873E-4EC0-9F17-FE7B67EDBECD}.Release|x64.Build.0 = Release|x64
	EndGlobalSection
	GlobalSection(SolutionProperties) = preSolution
		HideSolutionNode = FALSE
	EndGlobalSection
	GlobalSection(ExtensibilityGlobals) = postSolution
		SolutionGuid = {39232801-DBA2-42AD-9F55-13AA33752B08}
	EndGlobalSection
EndGlobal
